
Microsoft Visual Studio Solution File, Format Version 12.00
# Visual Studio 15
VisualStudioVersion = 15.0.27428.2015
MinimumVisualStudioVersion = 10.0.40219.1
Project("{9A19103F-16F7-4668-BE54-9A1E7A4F7556}") = "DiscoveryPrototypeService", "DiscoveryTemplateService\DiscoveryPrototypeService.csproj", "{D8CFFF2E-86F1-4954-9CD7-EBE1092A48F8}"
EndProject
Global
	GlobalSection(SolutionConfigurationPlatforms) = preSolution
		Debug|Any CPU = Debug|Any CPU
		Release|Any CPU = Release|Any CPU
	EndGlobalSection
	GlobalSection(ProjectConfigurationPlatforms) = postSolution
		{D8CFFF2E-86F1-4954-9CD7-EBE1092A48F8}.Debug|Any CPU.ActiveCfg = Debug|Any CPU
		{D8CFFF2E-86F1-4954-9CD7-EBE1092A48F8}.Debug|Any CPU.Build.0 = Debug|Any CPU
		{D8CFFF2E-86F1-4954-9CD7-EBE1092A48F8}.Release|Any CPU.ActiveCfg = Release|Any CPU
		{D8CFFF2E-86F1-4954-9CD7-EBE1092A48F8}.Release|Any CPU.Build.0 = Release|Any CPU
	EndGlobalSection
	GlobalSection(SolutionProperties) = preSolution
		HideSolutionNode = FALSE
	EndGlobalSection
	GlobalSection(ExtensibilityGlobals) = postSolution
		SolutionGuid = {D0C6C58C-E4F9-4B38-86F3-6BAC2FC04250}
	EndGlobalSection
EndGlobal
